
Microsoft Visual Studio Solution File, Format Version 12.00
# Visual Studio Version 17
VisualStudioVersion = 17.0.32014.148
MinimumVisualStudioVersion = 10.0.40219.1
Project("{2150E333-8FDC-42A3-9474-1A3956D46DE8}") = "Solution Items", "Solution Items", "{CCC6A3F4-086F-4D76-9A0A-05F3F96EB75F}"
	ProjectSection(SolutionItems) = preProject
		README.md = README.md
	EndProjectSection
EndProject
Project("{FAE04EC0-301F-11D3-BF4B-00C04F79EFBC}") = "DesignPatternsInCSharp", "DesignPatternsInCSharp\DesignPatternsInCSharp.csproj", "{0E7826A9-F4E7-4A66-B4A7-A2687780E824}"
EndProject
Project("{FAE04EC0-301F-11D3-BF4B-00C04F79EFBC}") = "DesignPatternsInCSharp.Tests", "DesignPatternsInCSharp.Tests\DesignPatternsInCSharp.Tests.csproj", "{CF2A1292-690D-4224-B283-F74DB9701C0A}"
EndProject
Project("{FAE04EC0-301F-11D3-BF4B-00C04F79EFBC}") = "DesignPatternsInCSharp.Benchmarks", "DesignPatternsInCSharp.Benchmarks\DesignPatternsInCSharp.Benchmarks.csproj", "{2E6520F2-3697-4343-BCE9-E13A436655EE}"
EndProject
Global
	GlobalSection(SolutionConfigurationPlatforms) = preSolution
		Debug|Any CPU = Debug|Any CPU
		Release|Any CPU = Release|Any CPU
	EndGlobalSection
	GlobalSection(ProjectConfigurationPlatforms) = postSolution
		{0E7826A9-F4E7-4A66-B4A7-A2687780E824}.Debug|Any CPU.ActiveCfg = Debug|Any CPU
		{0E7826A9-F4E7-4A66-B4A7-A2687780E824}.Debug|Any CPU.Build.0 = Debug|Any CPU
		{0E7826A9-F4E7-4A66-B4A7-A2687780E824}.Release|Any CPU.ActiveCfg = Release|Any CPU
		{0E7826A9-F4E7-4A66-B4A7-A2687780E824}.Release|Any CPU.Build.0 = Release|Any CPU
		{CF2A1292-690D-4224-B283-F74DB9701C0A}.Debug|Any CPU.ActiveCfg = Debug|Any CPU
		{CF2A1292-690D-4224-B283-F74DB9701C0A}.Debug|Any CPU.Build.0 = Debug|Any CPU
		{CF2A1292-690D-4224-B283-F74DB9701C0A}.Release|Any CPU.ActiveCfg = Release|Any CPU
		{CF2A1292-690D-4224-B283-F74DB9701C0A}.Release|Any CPU.Build.0 = Release|Any CPU
		{2E6520F2-3697-4343-BCE9-E13A436655EE}.Debug|Any CPU.ActiveCfg = Debug|Any CPU
		{2E6520F2-3697-4343-BCE9-E13A436655EE}.Debug|Any CPU.Build.0 = Debug|Any CPU
		{2E6520F2-3697-4343-BCE9-E13A436655EE}.Release|Any CPU.ActiveCfg = Release|Any CPU
		{2E6520F2-3697-4343-BCE9-E13A436655EE}.Release|Any CPU.Build.0 = Release|Any CPU
	EndGlobalSection
	GlobalSection(SolutionProperties) = preSolution
		HideSolutionNode = FALSE
	EndGlobalSection
	GlobalSection(ExtensibilityGlobals) = postSolution
		SolutionGuid = {00468D98-F460-4E59-B753-BC761C12577E}
	EndGlobalSection
EndGlobal
